
Microsoft Visual Studio Solution File, Format Version 12.00
# Visual Studio Version 16
VisualStudioVersion = 16.0.29709.97
MinimumVisualStudioVersion = 10.0.40219.1
Project("{9A19103F-16F7-4668-BE54-9A1E7A4F7556}") = "ScheduleAlgorithmLibrary", "ScheduleAlgorithmLibrary\ScheduleAlgorithmLibrary.csproj", "{6AD400AE-97BC-4A8D-BDED-072410852D7E}"
EndProject
Project("{FAE04EC0-301F-11D3-BF4B-00C04F79EFBC}") = "ScheduleAlgorithmWPF", "ScheduleAlgorithmWPF\ScheduleAlgorithmWPF.csproj", "{C19E8767-DA5A-40BA-99B9-D10BBC60E493}"
EndProject
Project("{FAE04EC0-301F-11D3-BF4B-00C04F79EFBC}") = "Database.EntityFrameworkCore", "Database.EntityFrameworkCore\Database.EntityFrameworkCore.csproj", "{E9296282-E1E8-4F89-81EE-32153FAA8DCF}"
EndProject
Project("{FAE04EC0-301F-11D3-BF4B-00C04F79EFBC}") = "ScheduleAlgorithm.Domain", "ScheduleAlgorithm.Domain\ScheduleAlgorithm.Domain.csproj", "{AEC0980E-4539-492A-B94B-7AB6A949119A}"
EndProject
Project("{FAE04EC0-301F-11D3-BF4B-00C04F79EFBC}") = "Benchmarks", "Benchmarks\Benchmarks.csproj", "{69B22B2C-EC78-4622-984A-D42A14E7A982}"
EndProject
Project("{54435603-DBB4-11D2-8724-00A0C9A8B90C}") = "LBMInstaller", "LBMInstaller\LBMInstaller.vdproj", "{5B1B79FF-BF3B-49C5-B5AC-1D7B3D9EA489}"
EndProject
Global
	GlobalSection(SolutionConfigurationPlatforms) = preSolution
		Debug|Any CPU = Debug|Any CPU
		Debug|ARM = Debug|ARM
		Debug|ARM64 = Debug|ARM64
		Debug|x64 = Debug|x64
		Debug|x86 = Debug|x86
		Release|Any CPU = Release|Any CPU
		Release|ARM = Release|ARM
		Release|ARM64 = Release|ARM64
		Release|x64 = Release|x64
		Release|x86 = Release|x86
	EndGlobalSection
	GlobalSection(ProjectConfigurationPlatforms) = postSolution
		{6AD400AE-97BC-4A8D-BDED-072410852D7E}.Debug|Any CPU.ActiveCfg = Debug|Any CPU
		{6AD400AE-97BC-4A8D-BDED-072410852D7E}.Debug|Any CPU.Build.0 = Debug|Any CPU
		{6AD400AE-97BC-4A8D-BDED-072410852D7E}.Debug|ARM.ActiveCfg = Debug|Any CPU
		{6AD400AE-97BC-4A8D-BDED-072410852D7E}.Debug|ARM.Build.0 = Debug|Any CPU
		{6AD400AE-97BC-4A8D-BDED-072410852D7E}.Debug|ARM64.ActiveCfg = Debug|Any CPU
		{6AD400AE-97BC-4A8D-BDED-072410852D7E}.Debug|ARM64.Build.0 = Debug|Any CPU
		{6AD400AE-97BC-4A8D-BDED-072410852D7E}.Debug|x64.ActiveCfg = Debug|Any CPU
		{6AD400AE-97BC-4A8D-BDED-072410852D7E}.Debug|x64.Build.0 = Debug|Any CPU
		{6AD400AE-97BC-4A8D-BDED-072410852D7E}.Debug|x86.ActiveCfg = Debug|Any CPU
		{6AD400AE-97BC-4A8D-BDED-072410852D7E}.Debug|x86.Build.0 = Debug|Any CPU
		{6AD400AE-97BC-4A8D-BDED-072410852D7E}.Release|Any CPU.ActiveCfg = Release|Any CPU
		{6AD400AE-97BC-4A8D-BDED-072410852D7E}.Release|Any CPU.Build.0 = Release|Any CPU
		{6AD400AE-97BC-4A8D-BDED-072410852D7E}.Release|ARM.ActiveCfg = Release|Any CPU
		{6AD400AE-97BC-4A8D-BDED-072410852D7E}.Release|ARM.Build.0 = Release|Any CPU
		{6AD400AE-97BC-4A8D-BDED-072410852D7E}.Release|ARM64.ActiveCfg = Release|Any CPU
		{6AD400AE-97BC-4A8D-BDED-072410852D7E}.Release|ARM64.Build.0 = Release|Any CPU
		{6AD400AE-97BC-4A8D-BDED-072410852D7E}.Release|x64.ActiveCfg = Release|Any CPU
		{6AD400AE-97BC-4A8D-BDED-072410852D7E}.Release|x64.Build.0 = Release|Any CPU
		{6AD400AE-97BC-4A8D-BDED-072410852D7E}.Release|x86.ActiveCfg = Release|Any CPU
		{6AD400AE-97BC-4A8D-BDED-072410852D7E}.Release|x86.Build.0 = Release|Any CPU
		{C19E8767-DA5A-40BA-99B9-D10BBC60E493}.Debug|Any CPU.ActiveCfg = Debug|Any CPU
		{C19E8767-DA5A-40BA-99B9-D10BBC60E493}.Debug|Any CPU.Build.0 = Debug|Any CPU
		{C19E8767-DA5A-40BA-99B9-D10BBC60E493}.Debug|ARM.ActiveCfg = Debug|Any CPU
		{C19E8767-DA5A-40BA-99B9-D10BBC60E493}.Debug|ARM.Build.0 = Debug|Any CPU
		{C19E8767-DA5A-40BA-99B9-D10BBC60E493}.Debug|ARM64.ActiveCfg = Debug|Any CPU
		{C19E8767-DA5A-40BA-99B9-D10BBC60E493}.Debug|ARM64.Build.0 = Debug|Any CPU
		{C19E8767-DA5A-40BA-99B9-D10BBC60E493}.Debug|x64.ActiveCfg = Debug|Any CPU
		{C19E8767-DA5A-40BA-99B9-D10BBC60E493}.Debug|x64.Build.0 = Debug|Any CPU
		{C19E8767-DA5A-40BA-99B9-D10BBC60E493}.Debug|x86.ActiveCfg = Debug|Any CPU
		{C19E8767-DA5A-40BA-99B9-D10BBC60E493}.Debug|x86.Build.0 = Debug|Any CPU
		{C19E8767-DA5A-40BA-99B9-D10BBC60E493}.Release|Any CPU.ActiveCfg = Release|Any CPU
		{C19E8767-DA5A-40BA-99B9-D10BBC60E493}.Release|Any CPU.Build.0 = Release|Any CPU
		{C19E8767-DA5A-40BA-99B9-D10BBC60E493}.Release|ARM.ActiveCfg = Release|Any CPU
		{C19E8767-DA5A-40BA-99B9-D10BBC60E493}.Release|ARM.Build.0 = Release|Any CPU
		{C19E8767-DA5A-40BA-99B9-D10BBC60E493}.Release|ARM64.ActiveCfg = Release|Any CPU
		{C19E8767-DA5A-40BA-99B9-D10BBC60E493}.Release|ARM64.Build.0 = Release|Any CPU
		{C19E8767-DA5A-40BA-99B9-D10BBC60E493}.Release|x64.ActiveCfg = Release|Any CPU
		{C19E8767-DA5A-40BA-99B9-D10BBC60E493}.Release|x64.Build.0 = Release|Any CPU
		{C19E8767-DA5A-40BA-99B9-D10BBC60E493}.Release|x86.ActiveCfg = Release|Any CPU
		{C19E8767-DA5A-40BA-99B9-D10BBC60E493}.Release|x86.Build.0 = Release|Any CPU
		{E9296282-E1E8-4F89-81EE-32153FAA8DCF}.Debug|Any CPU.ActiveCfg = Debug|Any CPU
		{E9296282-E1E8-4F89-81EE-32153FAA8DCF}.Debug|Any CPU.Build.0 = Debug|Any CPU
		{E9296282-E1E8-4F89-81EE-32153FAA8DCF}.Debug|ARM.ActiveCfg = Debug|Any CPU
		{E9296282-E1E8-4F89-81EE-32153FAA8DCF}.Debug|ARM.Build.0 = Debug|Any CPU
		{E9296282-E1E8-4F89-81EE-32153FAA8DCF}.Debug|ARM64.ActiveCfg = Debug|Any CPU
		{E9296282-E1E8-4F89-81EE-32153FAA8DCF}.Debug|ARM64.Build.0 = Debug|Any CPU
		{E9296282-E1E8-4F89-81EE-32153FAA8DCF}.Debug|x64.ActiveCfg = Debug|Any CPU
		{E9296282-E1E8-4F89-81EE-32153FAA8DCF}.Debug|x64.Build.0 = Debug|Any CPU
		{E9296282-E1E8-4F89-81EE-32153FAA8DCF}.Debug|x86.ActiveCfg = Debug|Any CPU
		{E9296282-E1E8-4F89-81EE-32153FAA8DCF}.Debug|x86.Build.0 = Debug|Any CPU
		{E9296282-E1E8-4F89-81EE-32153FAA8DCF}.Release|Any CPU.ActiveCfg = Release|Any CPU
		{E9296282-E1E8-4F89-81EE-32153FAA8DCF}.Release|Any CPU.Build.0 = Release|Any CPU
		{E9296282-E1E8-4F89-81EE-32153FAA8DCF}.Release|ARM.ActiveCfg = Release|Any CPU
		{E9296282-E1E8-4F89-81EE-32153FAA8DCF}.Release|ARM.Build.0 = Release|Any CPU
		{E9296282-E1E8-4F89-81EE-32153FAA8DCF}.Release|ARM64.ActiveCfg = Release|Any CPU
		{E9296282-E1E8-4F89-81EE-32153FAA8DCF}.Release|ARM64.Build.0 = Release|Any CPU
		{E9296282-E1E8-4F89-81EE-32153FAA8DCF}.Release|x64.ActiveCfg = Release|Any CPU
		{E9296282-E1E8-4F89-81EE-32153FAA8DCF}.Release|x64.Build.0 = Release|Any CPU
		{E9296282-E1E8-4F89-81EE-32153FAA8DCF}.Release|x86.ActiveCfg = Release|Any CPU
		{E9296282-E1E8-4F89-81EE-32153FAA8DCF}.Release|x86.Build.0 = Release|Any CPU
		{AEC0980E-4539-492A-B94B-7AB6A949119A}.Debug|Any CPU.ActiveCfg = Debug|Any CPU
		{AEC0980E-4539-492A-B94B-7AB6A949119A}.Debug|Any CPU.Build.0 = Debug|Any CPU
		{AEC0980E-4539-492A-B94B-7AB6A949119A}.Debug|ARM.ActiveCfg = Debug|Any CPU
		{AEC0980E-4539-492A-B94B-7AB6A949119A}.Debug|ARM.Build.0 = Debug|Any CPU
		{AEC0980E-4539-492A-B94B-7AB6A949119A}.Debug|ARM64.ActiveCfg = Debug|Any CPU
		{AEC0980E-4539-492A-B94B-7AB6A949119A}.Debug|ARM64.Build.0 = Debug|Any CPU
		{AEC0980E-4539-492A-B94B-7AB6A949119A}.Debug|x64.ActiveCfg = Debug|Any CPU
		{AEC0980E-4539-492A-B94B-7AB6A949119A}.Debug|x64.Build.0 = Debug|Any CPU
		{AEC0980E-4539-492A-B94B-7AB6A949119A}.Debug|x86.ActiveCfg = Debug|Any CPU
		{AEC0980E-4539-492A-B94B-7AB6A949119A}.Debug|x86.Build.0 = Debug|Any CPU
		{AEC0980E-4539-492A-B94B-7AB6A949119A}.Release|Any CPU.ActiveCfg = Release|Any CPU
		{AEC0980E-4539-492A-B94B-7AB6A949119A}.Release|Any CPU.Build.0 = Release|Any CPU
		{AEC0980E-4539-492A-B94B-7AB6A949119A}.Release|ARM.ActiveCfg = Release|Any CPU
		{AEC0980E-4539-492A-B94B-7AB6A949119A}.Release|ARM.Build.0 = Release|Any CPU
		{AEC0980E-4539-492A-B94B-7AB6A949119A}.Release|ARM64.ActiveCfg = Release|Any CPU
		{AEC0980E-4539-492A-B94B-7AB6A949119A}.Release|ARM64.Build.0 = Release|Any CPU
		{AEC0980E-4539-492A-B94B-7AB6A949119A}.Release|x64.ActiveCfg = Release|Any CPU
		{AEC0980E-4539-492A-B94B-7AB6A949119A}.Release|x64.Build.0 = Release|Any CPU
		{AEC0980E-4539-492A-B94B-7AB6A949119A}.Release|x86.ActiveCfg = Release|Any CPU
		{AEC0980E-4539-492A-B94B-7AB6A949119A}.Release|x86.Build.0 = Release|Any CPU
		{69B22B2C-EC78-4622-984A-D42A14E7A982}.Debug|Any CPU.ActiveCfg = Debug|Any CPU
		{69B22B2C-EC78-4622-984A-D42A14E7A982}.Debug|Any CPU.Build.0 = Debug|Any CPU
		{69B22B2C-EC78-4622-984A-D42A14E7A982}.Debug|ARM.ActiveCfg = Debug|Any CPU
		{69B22B2C-EC78-4622-984A-D42A14E7A982}.Debug|ARM.Build.0 = Debug|Any CPU
		{69B22B2C-EC78-4622-984A-D42A14E7A982}.Debug|ARM64.ActiveCfg = Debug|Any CPU
		{69B22B2C-EC78-4622-984A-D42A14E7A982}.Debug|ARM64.Build.0 = Debug|Any CPU
		{69B22B2C-EC78-4622-984A-D42A14E7A982}.Debug|x64.ActiveCfg = Debug|Any CPU
		{69B22B2C-EC78-4622-984A-D42A14E7A982}.Debug|x64.Build.0 = Debug|Any CPU
		{69B22B2C-EC78-4622-984A-D42A14E7A982}.Debug|x86.ActiveCfg = Debug|Any CPU
		{69B22B2C-EC78-4622-984A-D42A14E7A982}.Debug|x86.Build.0 = Debug|Any CPU
		{69B22B2C-EC78-4622-984A-D42A14E7A982}.Release|Any CPU.ActiveCfg = Release|Any CPU
		{69B22B2C-EC78-4622-984A-D42A14E7A982}.Release|Any CPU.Build.0 = Release|Any CPU
		{69B22B2C-EC78-4622-984A-D42A14E7A982}.Release|ARM.ActiveCfg = Release|Any CPU
		{69B22B2C-EC78-4622-984A-D42A14E7A982}.Release|ARM.Build.0 = Release|Any CPU
		{69B22B2C-EC78-4622-984A-D42A14E7A982}.Release|ARM64.ActiveCfg = Release|Any CPU
		{69B22B2C-EC78-4622-984A-D42A14E7A982}.Release|ARM64.Build.0 = Release|Any CPU
		{69B22B2C-EC78-4622-984A-D42A14E7A982}.Release|x64.ActiveCfg = Release|Any CPU
		{69B22B2C-EC78-4622-984A-D42A14E7A982}.Release|x64.Build.0 = Release|Any CPU
		{69B22B2C-EC78-4622-984A-D42A14E7A982}.Release|x86.ActiveCfg = Release|Any CPU
		{69B22B2C-EC78-4622-984A-D42A14E7A982}.Release|x86.Build.0 = Release|Any CPU
		{5B1B79FF-BF3B-49C5-B5AC-1D7B3D9EA489}.Debug|Any CPU.ActiveCfg = Release
		{5B1B79FF-BF3B-49C5-B5AC-1D7B3D9EA489}.Debug|ARM.ActiveCfg = Debug
		{5B1B79FF-BF3B-49C5-B5AC-1D7B3D9EA489}.Debug|ARM64.ActiveCfg = Debug
		{5B1B79FF-BF3B-49C5-B5AC-1D7B3D9EA489}.Debug|x64.ActiveCfg = Debug
		{5B1B79FF-BF3B-49C5-B5AC-1D7B3D9EA489}.Debug|x86.ActiveCfg = Debug
		{5B1B79FF-BF3B-49C5-B5AC-1D7B3D9EA489}.Release|Any CPU.ActiveCfg = Release
		{5B1B79FF-BF3B-49C5-B5AC-1D7B3D9EA489}.Release|ARM.ActiveCfg = Release
		{5B1B79FF-BF3B-49C5-B5AC-1D7B3D9EA489}.Release|ARM64.ActiveCfg = Release
		{5B1B79FF-BF3B-49C5-B5AC-1D7B3D9EA489}.Release|x64.ActiveCfg = Release
		{5B1B79FF-BF3B-49C5-B5AC-1D7B3D9EA489}.Release|x86.ActiveCfg = Release
	EndGlobalSection
	GlobalSection(SolutionProperties) = preSolution
		HideSolutionNode = FALSE
	EndGlobalSection
	GlobalSection(ExtensibilityGlobals) = postSolution
		SolutionGuid = {0FA4A0FA-C3F4-44EC-B4C0-D8734E2D7497}
	EndGlobalSection
EndGlobal
